# This file was autogenerated by Stack.
# You should not edit this file by hand.
# For more information, please see the documentation at:
#   https://docs.haskellstack.org/en/stable/lock_files

packages:
- completed:
    subdir: effectful-core
    name: effectful-core
    version: '0.1'
    git: git@github.com:haskell-effectful/effectful.git
    pantry-tree:
      size: 1804
      sha256: ccba50965ac9b743cd86d5abe700d368114c02e01856a9858f304d873fd8fed8
    commit: 9034e8f572d99cd7abdd8ad32aef6bc3ce342e46
  original:
    subdir: effectful-core
    git: git@github.com:haskell-effectful/effectful.git
    commit: 9034e8f572d99cd7abdd8ad32aef6bc3ce342e46
- completed:
    subdir: effectful-th
    name: effectful-th
    version: '0.1'
    git: git@github.com:haskell-effectful/effectful.git
    pantry-tree:
      size: 278
      sha256: 8bc0d2e21149fb1d6ee0e7f938d7516b1a585e29b2d0207046d40edd4ee61795
    commit: 9034e8f572d99cd7abdd8ad32aef6bc3ce342e46
  original:
    subdir: effectful-th
    git: git@github.com:haskell-effectful/effectful.git
    commit: 9034e8f572d99cd7abdd8ad32aef6bc3ce342e46
- completed:
    subdir: effectful
    name: effectful
    version: '0.1'
    git: git@github.com:haskell-effectful/effectful.git
    pantry-tree:
      size: 2388
      sha256: d224083ef160b8b89e73fdb9d80819a74f91bf920642559396f9021e0e2ae08f
    commit: 9034e8f572d99cd7abdd8ad32aef6bc3ce342e46
  original:
    subdir: effectful
    git: git@github.com:haskell-effectful/effectful.git
    commit: 9034e8f572d99cd7abdd8ad32aef6bc3ce342e46
snapshots:
- completed:
    size: 590102
    url: https://raw.githubusercontent.com/commercialhaskell/stackage-snapshots/master/lts/18/27.yaml
    sha256: 79a786674930a89301b0e908fad2822a48882f3d01486117693c377b8edffdbe
  original: lts-18.27
