# This file was autogenerated by Stack.
# You should not edit this file by hand.
# For more information, please see the documentation at:
#   https://docs.haskellstack.org/en/stable/lock_files

packages:
- completed:
    subdir: effectful-core
    name: effectful-core
    version: '0.1'
    git: git@github.com:arybczak/effectful.git
    pantry-tree:
      size: 1659
      sha256: 7f56ccb08ae15c4d8d7839a64b50446e7d44f9cd0051f9e145e4553c4018d340
    commit: 109d44165630321f65ef63ad499690768ab2a19b
  original:
    subdir: effectful-core
    git: git@github.com:arybczak/effectful.git
    commit: 109d44165630321f65ef63ad499690768ab2a19b
- completed:
    subdir: effectful
    name: effectful
    version: '0.1'
    git: git@github.com:arybczak/effectful.git
    pantry-tree:
      size: 2232
      sha256: d66418b4224dfa65a7649a43f271322367635fc62b0be24abd8ab267176c01ce
    commit: 109d44165630321f65ef63ad499690768ab2a19b
  original:
    subdir: effectful
    git: git@github.com:arybczak/effectful.git
    commit: 109d44165630321f65ef63ad499690768ab2a19b
snapshots:
- completed:
    size: 586110
    url: https://raw.githubusercontent.com/commercialhaskell/stackage-snapshots/master/lts/18/21.yaml
    sha256: ce4fb8d44f3c6c6032060a02e0ebb1bd29937c9a70101c1517b92a87d9515160
  original: lts-18.21
