# This file was autogenerated by Stack.
# You should not edit this file by hand.
# For more information, please see the documentation at:
#   https://docs.haskellstack.org/en/stable/lock_files

packages:
- completed:
    subdir: effectful-core
    name: effectful-core
    version: '0.1'
    git: git@github.com:haskell-effectful/effectful.git
    pantry-tree:
      size: 1804
      sha256: 4579c5d2c2e365f45080925bed3cc7469109d53b4bfe68d80e8bd00b59c96ba3
    commit: 24ea29a1344e3f821fbce3ea5f7c4e25d4ea1c3d
  original:
    subdir: effectful-core
    git: git@github.com:haskell-effectful/effectful.git
    commit: 24ea29a1344e3f821fbce3ea5f7c4e25d4ea1c3d
- completed:
    subdir: effectful-th
    name: effectful-th
    version: '0.1'
    git: git@github.com:haskell-effectful/effectful.git
    pantry-tree:
      size: 278
      sha256: d8eda4b6bf216a7c08644884f818aafaafedd744b4bc9f637d0059f665cd71b8
    commit: 24ea29a1344e3f821fbce3ea5f7c4e25d4ea1c3d
  original:
    subdir: effectful-th
    git: git@github.com:haskell-effectful/effectful.git
    commit: 24ea29a1344e3f821fbce3ea5f7c4e25d4ea1c3d
- completed:
    subdir: effectful
    name: effectful
    version: '0.1'
    git: git@github.com:haskell-effectful/effectful.git
    pantry-tree:
      size: 2388
      sha256: 1a40d89aa248ab90151a9f21c9ae15319d3783f0f74c6bdcea70903dc92f0ba8
    commit: 24ea29a1344e3f821fbce3ea5f7c4e25d4ea1c3d
  original:
    subdir: effectful
    git: git@github.com:haskell-effectful/effectful.git
    commit: 24ea29a1344e3f821fbce3ea5f7c4e25d4ea1c3d
snapshots:
- completed:
    size: 587821
    url: https://raw.githubusercontent.com/commercialhaskell/stackage-snapshots/master/lts/18/24.yaml
    sha256: 06d844ba51e49907bd29cb58b4a5f86ee7587a4cd7e6cf395eeec16cba619ce8
  original: lts-18.24
